// !$*UTF8*$!
{
	archiveVersion = 1;
	classes = {
	};
	objectVersion = 55;
	objects = {

/* Begin PBXBuildFile section */
		1CCDDC38287ED9FC00521785 /* AppDelegate.swift in Sources */ = {isa = PBXBuildFile; fileRef = 1CCDDC37287ED9FC00521785 /* AppDelegate.swift */; };
		1CCDDC3A287ED9FC00521785 /* SceneDelegate.swift in Sources */ = {isa = PBXBuildFile; fileRef = 1CCDDC39287ED9FC00521785 /* SceneDelegate.swift */; };
		1CCDDC3C287ED9FC00521785 /* ViewController.swift in Sources */ = {isa = PBXBuildFile; fileRef = 1CCDDC3B287ED9FC00521785 /* ViewController.swift */; };
		1CCDDC3F287ED9FC00521785 /* Main.storyboard in Resources */ = {isa = PBXBuildFile; fileRef = 1CCDDC3D287ED9FC00521785 /* Main.storyboard */; };
		1CCDDC41287ED9FE00521785 /* Assets.xcassets in Resources */ = {isa = PBXBuildFile; fileRef = 1CCDDC40287ED9FE00521785 /* Assets.xcassets */; };
		1CCDDC44287ED9FE00521785 /* LaunchScreen.storyboard in Resources */ = {isa = PBXBuildFile; fileRef = 1CCDDC42287ED9FE00521785 /* LaunchScreen.storyboard */; };
		1CCDDC4C287EDA1000521785 /* FontAwesome.otf in Resources */ = {isa = PBXBuildFile; fileRef = 1CCDDC4B287EDA1000521785 /* FontAwesome.otf */; };
		1CCDDC53287F0F8C00521785 /* FontAwesomeTableViewCell.swift in Sources */ = {isa = PBXBuildFile; fileRef = 1CCDDC51287F0F8B00521785 /* FontAwesomeTableViewCell.swift */; };
		1CCDDC54287F0F8C00521785 /* FontAwesomeTableViewCell.xib in Resources */ = {isa = PBXBuildFile; fileRef = 1CCDDC52287F0F8C00521785 /* FontAwesomeTableViewCell.xib */; };
		1CCDDC5C287FC32A00521785 /* String+.swift in Sources */ = {isa = PBXBuildFile; fileRef = 1CCDDC5B287FC32A00521785 /* String+.swift */; };
		1CCDDC5E287FC34800521785 /* icons.swift in Sources */ = {isa = PBXBuildFile; fileRef = 1CCDDC5D287FC34700521785 /* icons.swift */; };
/* End PBXBuildFile section */

/* Begin PBXFileReference section */
		1CCDDC34287ED9FC00521785 /* FontAwesome-UIKit.app */ = {isa = PBXFileReference; explicitFileType = wrapper.application; includeInIndex = 0; path = "FontAwesome-UIKit.app"; sourceTree = BUILT_PRODUCTS_DIR; };
		1CCDDC37287ED9FC00521785 /* AppDelegate.swift */ = {isa = PBXFileReference; lastKnownFileType = sourcecode.swift; path = AppDelegate.swift; sourceTree = "<group>"; };
		1CCDDC39287ED9FC00521785 /* SceneDelegate.swift */ = {isa = PBXFileReference; lastKnownFileType = sourcecode.swift; path = SceneDelegate.swift; sourceTree = "<group>"; };
		1CCDDC3B287ED9FC00521785 /* ViewController.swift */ = {isa = PBXFileReference; lastKnownFileType = sourcecode.swift; path = ViewController.swift; sourceTree = "<group>"; };
		1CCDDC3E287ED9FC00521785 /* Base */ = {isa = PBXFileReference; lastKnownFileType = file.storyboard; name = Base; path = Base.lproj/Main.storyboard; sourceTree = "<group>"; };
		1CCDDC40287ED9FE00521785 /* Assets.xcassets */ = {isa = PBXFileReference; lastKnownFileType = folder.assetcatalog; path = Assets.xcassets; sourceTree = "<group>"; };
		1CCDDC43287ED9FE00521785 /* Base */ = {isa = PBXFileReference; lastKnownFileType = file.storyboard; name = Base; path = Base.lproj/LaunchScreen.storyboard; sourceTree = "<group>"; };
		1CCDDC45287ED9FE00521785 /* Info.plist */ = {isa = PBXFileReference; lastKnownFileType = text.plist.xml; path = Info.plist; sourceTree = "<group>"; };
		1CCDDC4B287EDA1000521785 /* FontAwesome.otf */ = {isa = PBXFileReference; lastKnownFileType = file; path = FontAwesome.otf; sourceTree = "<group>"; };
		1CCDDC51287F0F8B00521785 /* FontAwesomeTableViewCell.swift */ = {isa = PBXFileReference; lastKnownFileType = sourcecode.swift; path = FontAwesomeTableViewCell.swift; sourceTree = "<group>"; };
		1CCDDC52287F0F8C00521785 /* FontAwesomeTableViewCell.xib */ = {isa = PBXFileReference; lastKnownFileType = file.xib; path = FontAwesomeTableViewCell.xib; sourceTree = "<group>"; };
		1CCDDC5B287FC32A00521785 /* String+.swift */ = {isa = PBXFileReference; lastKnownFileType = sourcecode.swift; path = "String+.swift"; sourceTree = "<group>"; };
		1CCDDC5D287FC34700521785 /* icons.swift */ = {isa = PBXFileReference; lastKnownFileType = sourcecode.swift; path = icons.swift; sourceTree = "<group>"; };
/* End PBXFileReference section */

/* Begin PBXFrameworksBuildPhase section */
		1CCDDC31287ED9FB00521785 /* Frameworks */ = {
			isa = PBXFrameworksBuildPhase;
			buildActionMask = 2147483647;
			files = (
			);
			runOnlyForDeploymentPostprocessing = 0;
		};
/* End PBXFrameworksBuildPhase section */

/* Begin PBXGroup section */
		1CCDDC2B287ED9FB00521785 = {
			isa = PBXGroup;
			children = (
				1CCDDC36287ED9FC00521785 /* FontAwesome-UIKit */,
				1CCDDC35287ED9FC00521785 /* Products */,
			);
			sourceTree = "<group>";
		};
		1CCDDC35287ED9FC00521785 /* Products */ = {
			isa = PBXGroup;
			children = (
				1CCDDC34287ED9FC00521785 /* FontAwesome-UIKit.app */,
			);
			name = Products;
			sourceTree = "<group>";
		};
		1CCDDC36287ED9FC00521785 /* FontAwesome-UIKit */ = {
			isa = PBXGroup;
			children = (
				1CCDDC50287F0CDF00521785 /* Sources */,
				1CCDDC4F287F0CD500521785 /* Resources */,
			);
			path = "FontAwesome-UIKit";
			sourceTree = "<group>";
		};
		1CCDDC4F287F0CD500521785 /* Resources */ = {
			isa = PBXGroup;
			children = (
				1CCDDC4B287EDA1000521785 /* FontAwesome.otf */,
				1CCDDC40287ED9FE00521785 /* Assets.xcassets */,
				1CCDDC45287ED9FE00521785 /* Info.plist */,
			);
			path = Resources;
			sourceTree = "<group>";
		};
		1CCDDC50287F0CDF00521785 /* Sources */ = {
			isa = PBXGroup;
			children = (
				1CCDDC37287ED9FC00521785 /* AppDelegate.swift */,
				1CCDDC39287ED9FC00521785 /* SceneDelegate.swift */,
				1CCDDC3B287ED9FC00521785 /* ViewController.swift */,
				1CCDDC51287F0F8B00521785 /* FontAwesomeTableViewCell.swift */,
				1CCDDC5B287FC32A00521785 /* String+.swift */,
				1CCDDC5D287FC34700521785 /* icons.swift */,
				1CCDDC3D287ED9FC00521785 /* Main.storyboard */,
				1CCDDC42287ED9FE00521785 /* LaunchScreen.storyboard */,
				1CCDDC52287F0F8C00521785 /* FontAwesomeTableViewCell.xib */,
			);
			path = Sources;
			sourceTree = "<group>";
		};
/* End PBXGroup section */

/* Begin PBXNativeTarget section */
		1CCDDC33287ED9FB00521785 /* FontAwesome-UIKit */ = {
			isa = PBXNativeTarget;
			buildConfigurationList = 1CCDDC48287ED9FE00521785 /* Build configuration list for PBXNativeTarget "FontAwesome-UIKit" */;
			buildPhases = (
				1CCDDC30287ED9FB00521785 /* Sources */,
				1CCDDC31287ED9FB00521785 /* Frameworks */,
				1CCDDC32287ED9FB00521785 /* Resources */,
			);
			buildRules = (
			);
			dependencies = (
			);
			name = "FontAwesome-UIKit";
			productName = "FontAwesome-UIKit";
			productReference = 1CCDDC34287ED9FC00521785 /* FontAwesome-UIKit.app */;
			productType = "com.apple.product-type.application";
		};
/* End PBXNativeTarget section */

/* Begin PBXProject section */
		1CCDDC2C287ED9FB00521785 /* Project object */ = {
			isa = PBXProject;
			attributes = {
				BuildIndependentTargetsInParallel = 1;
				LastSwiftUpdateCheck = 1340;
				LastUpgradeCheck = 1340;
				TargetAttributes = {
					1CCDDC33287ED9FB00521785 = {
						CreatedOnToolsVersion = 13.4.1;
					};
				};
			};
			buildConfigurationList = 1CCDDC2F287ED9FB00521785 /* Build configuration list for PBXProject "FontAwesome-UIKit" */;
			compatibilityVersion = "Xcode 13.0";
			developmentRegion = en;
			hasScannedForEncodings = 0;
			knownRegions = (
				en,
				Base,
			);
			mainGroup = 1CCDDC2B287ED9FB00521785;
			productRefGroup = 1CCDDC35287ED9FC00521785 /* Products */;
			projectDirPath = "";
			projectRoot = "";
			targets = (
				1CCDDC33287ED9FB00521785 /* FontAwesome-UIKit */,
			);
		};
/* End PBXProject section */

/* Begin PBXResourcesBuildPhase section */
		1CCDDC32287ED9FB00521785 /* Resources */ = {
			isa = PBXResourcesBuildPhase;
			buildActionMask = 2147483647;
			files = (
				1CCDDC44287ED9FE00521785 /* LaunchScreen.storyboard in Resources */,
				1CCDDC41287ED9FE00521785 /* Assets.xcassets in Resources */,
				1CCDDC4C287EDA1000521785 /* FontAwesome.otf in Resources */,
				1CCDDC3F287ED9FC00521785 /* Main.storyboard in Resources */,
				1CCDDC54287F0F8C00521785 /* FontAwesomeTableViewCell.xib in Resources */,
			);
			runOnlyForDeploymentPostprocessing = 0;
		};
/* End PBXResourcesBuildPhase section */

/* Begin PBXSourcesBuildPhase section */
		1CCDDC30287ED9FB00521785 /* Sources */ = {
			isa = PBXSourcesBuildPhase;
			buildActionMask = 2147483647;
			files = (
				1CCDDC5E287FC34800521785 /* icons.swift in Sources */,
				1CCDDC53287F0F8C00521785 /* FontAwesomeTableViewCell.swift in Sources */,
				1CCDDC3C287ED9FC00521785 /* ViewController.swift in Sources */,
				1CCDDC5C287FC32A00521785 /* String+.swift in Sources */,
				1CCDDC38287ED9FC00521785 /* AppDelegate.swift in Sources */,
				1CCDDC3A287ED9FC00521785 /* SceneDelegate.swift in Sources */,
			);
			runOnlyForDeploymentPostprocessing = 0;
		};
/* End PBXSourcesBuildPhase section */

/* Begin PBXVariantGroup section */
		1CCDDC3D287ED9FC00521785 /* Main.storyboard */ = {
			isa = PBXVariantGroup;
			children = (
				1CCDDC3E287ED9FC00521785 /* Base */,
			);
			name = Main.storyboard;
			sourceTree = "<group>";
		};
		1CCDDC42287ED9FE00521785 /* LaunchScreen.storyboard */ = {
			isa = PBXVariantGroup;
			children = (
				1CCDDC43287ED9FE00521785 /* Base */,
			);
			name = LaunchScreen.storyboard;
			sourceTree = "<group>";
		};
/* End PBXVariantGroup section */

/* Begin XCBuildConfiguration section */
		1CCDDC46287ED9FE00521785 /* Debug */ = {
			isa = XCBuildConfiguration;
			buildSettings = {
				ALWAYS_SEARCH_USER_PATHS = NO;
				CLANG_ANALYZER_NONNULL = YES;
				CLANG_ANALYZER_NUMBER_OBJECT_CONVERSION = YES_AGGRESSIVE;
				CLANG_CXX_LANGUAGE_STANDARD = "gnu++17";
				CLANG_ENABLE_MODULES = YES;
				CLANG_ENABLE_OBJC_ARC = YES;
				CLANG_ENABLE_OBJC_WEAK = YES;
				CLANG_WARN_BLOCK_CAPTURE_AUTORELEASING = YES;
				CLANG_WARN_BOOL_CONVERSION = YES;
				CLANG_WARN_COMMA = YES;
				CLANG_WARN_CONSTANT_CONVERSION = YES;
				CLANG_WARN_DEPRECATED_OBJC_IMPLEMENTATIONS = YES;
				CLANG_WARN_DIRECT_OBJC_ISA_USAGE = YES_ERROR;
				CLANG_WARN_DOCUMENTATION_COMMENTS = YES;
				CLANG_WARN_EMPTY_BODY = YES;
				CLANG_WARN_ENUM_CONVERSION = YES;
				CLANG_WARN_INFINITE_RECURSION = YES;
				CLANG_WARN_INT_CONVERSION = YES;
				CLANG_WARN_NON_LITERAL_NULL_CONVERSION = YES;
				CLANG_WARN_OBJC_IMPLICIT_RETAIN_SELF = YES;
				CLANG_WARN_OBJC_LITERAL_CONVERSION = YES;
				CLANG_WARN_OBJC_ROOT_CLASS = YES_ERROR;
				CLANG_WARN_QUOTED_INCLUDE_IN_FRAMEWORK_HEADER = YES;
				CLANG_WARN_RANGE_LOOP_ANALYSIS = YES;
				CLANG_WARN_STRICT_PROTOTYPES = YES;
				CLANG_WARN_SUSPICIOUS_MOVE = YES;
				CLANG_WARN_UNGUARDED_AVAILABILITY = YES_AGGRESSIVE;
				CLANG_WARN_UNREACHABLE_CODE = YES;
				CLANG_WARN__DUPLICATE_METHOD_MATCH = YES;
				COPY_PHASE_STRIP = NO;
				DEBUG_INFORMATION_FORMAT = dwarf;
				ENABLE_STRICT_OBJC_MSGSEND = YES;
				ENABLE_TESTABILITY = YES;
				GCC_C_LANGUAGE_STANDARD = gnu11;
				GCC_DYNAMIC_NO_PIC = NO;
				GCC_NO_COMMON_BLOCKS = YES;
				GCC_OPTIMIZATION_LEVEL = 0;
				GCC_PREPROCESSOR_DEFINITIONS = (
					"DEBUG=1",
					"$(inherited)",
				);
				GCC_WARN_64_TO_32_BIT_CONVERSION = YES;
				GCC_WARN_ABOUT_RETURN_TYPE = YES_ERROR;
				GCC_WARN_UNDECLARED_SELECTOR = YES;
				GCC_WARN_UNINITIALIZED_AUTOS = YES_AGGRESSIVE;
				GCC_WARN_UNUSED_FUNCTION = YES;
				GCC_WARN_UNUSED_VARIABLE = YES;
				IPHONEOS_DEPLOYMENT_TARGET = 15.5;
				MTL_ENABLE_DEBUG_INFO = INCLUDE_SOURCE;
				MTL_FAST_MATH = YES;
				ONLY_ACTIVE_ARCH = YES;
				SDKROOT = iphoneos;
				SWIFT_ACTIVE_COMPILATION_CONDITIONS = DEBUG;
				SWIFT_OPTIMIZATION_LEVEL = "-Onone";
			};
			name = Debug;
		};
		1CCDDC47287ED9FE00521785 /* Release */ = {
			isa = XCBuildConfiguration;
			buildSettings = {
				ALWAYS_SEARCH_USER_PATHS = NO;
				CLANG_ANALYZER_NONNULL = YES;
				CLANG_ANALYZER_NUMBER_OBJECT_CONVERSION = YES_AGGRESSIVE;
				CLANG_CXX_LANGUAGE_STANDARD = "gnu++17";
				CLANG_ENABLE_MODULES = YES;
				CLANG_ENABLE_OBJC_ARC = YES;
				CLANG_ENABLE_OBJC_WEAK = YES;
				CLANG_WARN_BLOCK_CAPTURE_AUTORELEASING = YES;
				CLANG_WARN_BOOL_CONVERSION = YES;
				CLANG_WARN_COMMA = YES;
				CLANG_WARN_CONSTANT_CONVERSION = YES;
				CLANG_WARN_DEPRECATED_OBJC_IMPLEMENTATIONS = YES;
				CLANG_WARN_DIRECT_OBJC_ISA_USAGE = YES_ERROR;
				CLANG_WARN_DOCUMENTATION_COMMENTS = YES;
				CLANG_WARN_EMPTY_BODY = YES;
				CLANG_WARN_ENUM_CONVERSION = YES;
				CLANG_WARN_INFINITE_RECURSION = YES;
				CLANG_WARN_INT_CONVERSION = YES;
				CLANG_WARN_NON_LITERAL_NULL_CONVERSION = YES;
				CLANG_WARN_OBJC_IMPLICIT_RETAIN_SELF = YES;
				CLANG_WARN_OBJC_LITERAL_CONVERSION = YES;
				CLANG_WARN_OBJC_ROOT_CLASS = YES_ERROR;
				CLANG_WARN_QUOTED_INCLUDE_IN_FRAMEWORK_HEADER = YES;
				CLANG_WARN_RANGE_LOOP_ANALYSIS = YES;
				CLANG_WARN_STRICT_PROTOTYPES = YES;
				CLANG_WARN_SUSPICIOUS_MOVE = YES;
				CLANG_WARN_UNGUARDED_AVAILABILITY = YES_AGGRESSIVE;
				CLANG_WARN_UNREACHABLE_CODE = YES;
				CLANG_WARN__DUPLICATE_METHOD_MATCH = YES;
				COPY_PHASE_STRIP = NO;
				DEBUG_INFORMATION_FORMAT = "dwarf-with-dsym";
				ENABLE_NS_ASSERTIONS = NO;
				ENABLE_STRICT_OBJC_MSGSEND = YES;
				GCC_C_LANGUAGE_STANDARD = gnu11;
				GCC_NO_COMMON_BLOCKS = YES;
				GCC_WARN_64_TO_32_BIT_CONVERSION = YES;
				GCC_WARN_ABOUT_RETURN_TYPE = YES_ERROR;
				GCC_WARN_UNDECLARED_SELECTOR = YES;
				GCC_WARN_UNINITIALIZED_AUTOS = YES_AGGRESSIVE;
				GCC_WARN_UNUSED_FUNCTION = YES;
				GCC_WARN_UNUSED_VARIABLE = YES;
				IPHONEOS_DEPLOYMENT_TARGET = 15.5;
				MTL_ENABLE_DEBUG_INFO = NO;
				MTL_FAST_MATH = YES;
				SDKROOT = iphoneos;
				SWIFT_COMPILATION_MODE = wholemodule;
				SWIFT_OPTIMIZATION_LEVEL = "-O";
				VALIDATE_PRODUCT = YES;
			};
			name = Release;
		};
		1CCDDC49287ED9FE00521785 /* Debug */ = {
			isa = XCBuildConfiguration;
			buildSettings = {
				ASSETCATALOG_COMPILER_APPICON_NAME = AppIcon;
				ASSETCATALOG_COMPILER_GLOBAL_ACCENT_COLOR_NAME = AccentColor;
				CODE_SIGN_STYLE = Automatic;
				CURRENT_PROJECT_VERSION = 1;
				DEVELOPMENT_TEAM = 69BMRJXU5B;
				GENERATE_INFOPLIST_FILE = YES;
				INFOPLIST_FILE = "FontAwesome-UIKit/Resources/Info.plist";
				INFOPLIST_KEY_UIApplicationSupportsIndirectInputEvents = YES;
				INFOPLIST_KEY_UILaunchStoryboardName = LaunchScreen;
				INFOPLIST_KEY_UIMainStoryboardFile = Main;
				INFOPLIST_KEY_UISupportedInterfaceOrientations_iPad = "UIInterfaceOrientationPortrait UIInterfaceOrientationPortraitUpsideDown UIInterfaceOrientationLandscapeLeft UIInterfaceOrientationLandscapeRight";
				INFOPLIST_KEY_UISupportedInterfaceOrientations_iPhone = "UIInterfaceOrientationPortrait UIInterfaceOrientationLandscapeLeft UIInterfaceOrientationLandscapeRight";
				LD_RUNPATH_SEARCH_PATHS = (
					"$(inherited)",
					"@executable_path/Frameworks",
				);
				MARKETING_VERSION = 1.0;
				PRODUCT_BUNDLE_IDENTIFIER = "com.FontAwesome-UIKit";
				PRODUCT_NAME = "$(TARGET_NAME)";
				SWIFT_EMIT_LOC_STRINGS = YES;
				SWIFT_VERSION = 5.0;
				TARGETED_DEVICE_FAMILY = "1,2";
			};
			name = Debug;
		};
		1CCDDC4A287ED9FE00521785 /* Release */ = {
			isa = XCBuildConfiguration;
			buildSettings = {
				ASSETCATALOG_COMPILER_APPICON_NAME = AppIcon;
				ASSETCATALOG_COMPILER_GLOBAL_ACCENT_COLOR_NAME = AccentColor;
				CODE_SIGN_STYLE = Automatic;
				CURRENT_PROJECT_VERSION = 1;
				DEVELOPMENT_TEAM = 69BMRJXU5B;
				GENERATE_INFOPLIST_FILE = YES;
				INFOPLIST_FILE = "FontAwesome-UIKit/Resources/Info.plist";
				INFOPLIST_KEY_UIApplicationSupportsIndirectInputEvents = YES;
				INFOPLIST_KEY_UILaunchStoryboardName = LaunchScreen;
				INFOPLIST_KEY_UIMainStoryboardFile = Main;
				INFOPLIST_KEY_UISupportedInterfaceOrientations_iPad = "UIInterfaceOrientationPortrait UIInterfaceOrientationPortraitUpsideDown UIInterfaceOrientationLandscapeLeft UIInterfaceOrientationLandscapeRight";
				INFOPLIST_KEY_UISupportedInterfaceOrientations_iPhone = "UIInterfaceOrientationPortrait UIInterfaceOrientationLandscapeLeft UIInterfaceOrientationLandscapeRight";
				LD_RUNPATH_SEARCH_PATHS = (
					"$(inherited)",
					"@executable_path/Frameworks",
				);
				MARKETING_VERSION = 1.0;
				PRODUCT_BUNDLE_IDENTIFIER = "com.FontAwesome-UIKit";
				PRODUCT_NAME = "$(TARGET_NAME)";
				SWIFT_EMIT_LOC_STRINGS = YES;
				SWIFT_VERSION = 5.0;
				TARGETED_DEVICE_FAMILY = "1,2";
			};
			name = Release;
		};
/* End XCBuildConfiguration section */

/* Begin XCConfigurationList section */
		1CCDDC2F287ED9FB00521785 /* Build configuration list for PBXProject "FontAwesome-UIKit" */ = {
			isa = XCConfigurationList;
			buildConfigurations = (
				1CCDDC46287ED9FE00521785 /* Debug */,
				1CCDDC47287ED9FE00521785 /* Release */,
			);
			defaultConfigurationIsVisible = 0;
			defaultConfigurationName = Release;
		};
		1CCDDC48287ED9FE00521785 /* Build configuration list for PBXNativeTarget "FontAwesome-UIKit" */ = {
			isa = XCConfigurationList;
			buildConfigurations = (
				1CCDDC49287ED9FE00521785 /* Debug */,
				1CCDDC4A287ED9FE00521785 /* Release */,
			);
			defaultConfigurationIsVisible = 0;
			defaultConfigurationName = Release;
		};
/* End XCConfigurationList section */
	};
	rootObject = 1CCDDC2C287ED9FB00521785 /* Project object */;
}
